// !$*UTF8*$!
{
	archiveVersion = 1;
	classes = {
	};
	objectVersion = 50;
	objects = {

/* Begin PBXBuildFile section */
		746E1D0721949B2900D96E04 /* AppDelegate.swift in Sources */ = {isa = PBXBuildFile; fileRef = 746E1D0621949B2900D96E04 /* AppDelegate.swift */; };
		746E1D0921949B2900D96E04 /* ViewController.swift in Sources */ = {isa = PBXBuildFile; fileRef = 746E1D0821949B2900D96E04 /* ViewController.swift */; };
		746E1D0C21949B2900D96E04 /* Main.storyboard in Resources */ = {isa = PBXBuildFile; fileRef = 746E1D0A21949B2900D96E04 /* Main.storyboard */; };
		746E1D0E21949B2A00D96E04 /* Assets.xcassets in Resources */ = {isa = PBXBuildFile; fileRef = 746E1D0D21949B2A00D96E04 /* Assets.xcassets */; };
		746E1D1121949B2A00D96E04 /* LaunchScreen.storyboard in Resources */ = {isa = PBXBuildFile; fileRef = 746E1D0F21949B2A00D96E04 /* LaunchScreen.storyboard */; };
		746E1D1921949C0F00D96E04 /* Person.swift in Sources */ = {isa = PBXBuildFile; fileRef = 746E1D1821949C0F00D96E04 /* Person.swift */; };
		746E1D1B21949DB500D96E04 /* Library.swift in Sources */ = {isa = PBXBuildFile; fileRef = 746E1D1A21949DB500D96E04 /* Library.swift */; };
		74D2CC5B2194A2E700E13022 /* CustomTableViewCell.swift in Sources */ = {isa = PBXBuildFile; fileRef = 74D2CC5A2194A2E700E13022 /* CustomTableViewCell.swift */; };
/* End PBXBuildFile section */

/* Begin PBXFileReference section */
		746E1D0321949B2900D96E04 /* iOS_Assessment3.app */ = {isa = PBXFileReference; explicitFileType = wrapper.application; includeInIndex = 0; path = iOS_Assessment3.app; sourceTree = BUILT_PRODUCTS_DIR; };
		746E1D0621949B2900D96E04 /* AppDelegate.swift */ = {isa = PBXFileReference; lastKnownFileType = sourcecode.swift; path = AppDelegate.swift; sourceTree = "<group>"; };
		746E1D0821949B2900D96E04 /* ViewController.swift */ = {isa = PBXFileReference; lastKnownFileType = sourcecode.swift; path = ViewController.swift; sourceTree = "<group>"; };
		746E1D0B21949B2900D96E04 /* Base */ = {isa = PBXFileReference; lastKnownFileType = file.storyboard; name = Base; path = Base.lproj/Main.storyboard; sourceTree = "<group>"; };
		746E1D0D21949B2A00D96E04 /* Assets.xcassets */ = {isa = PBXFileReference; lastKnownFileType = folder.assetcatalog; path = Assets.xcassets; sourceTree = "<group>"; };
		746E1D1021949B2A00D96E04 /* Base */ = {isa = PBXFileReference; lastKnownFileType = file.storyboard; name = Base; path = Base.lproj/LaunchScreen.storyboard; sourceTree = "<group>"; };
		746E1D1221949B2A00D96E04 /* Info.plist */ = {isa = PBXFileReference; lastKnownFileType = text.plist.xml; path = Info.plist; sourceTree = "<group>"; };
		746E1D1821949C0F00D96E04 /* Person.swift */ = {isa = PBXFileReference; lastKnownFileType = sourcecode.swift; path = Person.swift; sourceTree = "<group>"; };
		746E1D1A21949DB500D96E04 /* Library.swift */ = {isa = PBXFileReference; lastKnownFileType = sourcecode.swift; path = Library.swift; sourceTree = "<group>"; };
		74D2CC5A2194A2E700E13022 /* CustomTableViewCell.swift */ = {isa = PBXFileReference; lastKnownFileType = sourcecode.swift; path = CustomTableViewCell.swift; sourceTree = "<group>"; };
/* End PBXFileReference section */

/* Begin PBXFrameworksBuildPhase section */
		746E1D0021949B2900D96E04 /* Frameworks */ = {
			isa = PBXFrameworksBuildPhase;
			buildActionMask = 2147483647;
			files = (
			);
			runOnlyForDeploymentPostprocessing = 0;
		};
/* End PBXFrameworksBuildPhase section */

/* Begin PBXGroup section */
		746E1CFA21949B2900D96E04 = {
			isa = PBXGroup;
			children = (
				746E1D0521949B2900D96E04 /* iOS_Assessment3 */,
				746E1D0421949B2900D96E04 /* Products */,
			);
			sourceTree = "<group>";
		};
		746E1D0421949B2900D96E04 /* Products */ = {
			isa = PBXGroup;
			children = (
				746E1D0321949B2900D96E04 /* iOS_Assessment3.app */,
			);
			name = Products;
			sourceTree = "<group>";
		};
		746E1D0521949B2900D96E04 /* iOS_Assessment3 */ = {
			isa = PBXGroup;
			children = (
				74D2CC5A2194A2E700E13022 /* CustomTableViewCell.swift */,
				746E1D0621949B2900D96E04 /* AppDelegate.swift */,
				746E1D0821949B2900D96E04 /* ViewController.swift */,
				746E1D1A21949DB500D96E04 /* Library.swift */,
				746E1D1821949C0F00D96E04 /* Person.swift */,
				746E1D0A21949B2900D96E04 /* Main.storyboard */,
				746E1D0D21949B2A00D96E04 /* Assets.xcassets */,
				746E1D0F21949B2A00D96E04 /* LaunchScreen.storyboard */,
				746E1D1221949B2A00D96E04 /* Info.plist */,
			);
			path = iOS_Assessment3;
			sourceTree = "<group>";
		};
/* End PBXGroup section */

/* Begin PBXNativeTarget section */
		746E1D0221949B2900D96E04 /* iOS_Assessment3 */ = {
			isa = PBXNativeTarget;
			buildConfigurationList = 746E1D1521949B2A00D96E04 /* Build configuration list for PBXNativeTarget "iOS_Assessment3" */;
			buildPhases = (
				746E1CFF21949B2900D96E04 /* Sources */,
				746E1D0021949B2900D96E04 /* Frameworks */,
				746E1D0121949B2900D96E04 /* Resources */,
			);
			buildRules = (
			);
			dependencies = (
			);
			name = iOS_Assessment3;
			productName = iOS_Assessment3;
			productReference = 746E1D0321949B2900D96E04 /* iOS_Assessment3.app */;
			productType = "com.apple.product-type.application";
		};
/* End PBXNativeTarget section */

/* Begin PBXProject section */
		746E1CFB21949B2900D96E04 /* Project object */ = {
			isa = PBXProject;
			attributes = {
				LastSwiftUpdateCheck = 1010;
				LastUpgradeCheck = 1010;
				ORGANIZATIONNAME = "Ezra Kiteck";
				TargetAttributes = {
					746E1D0221949B2900D96E04 = {
						CreatedOnToolsVersion = 10.1;
					};
				};
			};
			buildConfigurationList = 746E1CFE21949B2900D96E04 /* Build configuration list for PBXProject "iOS_Assessment3" */;
			compatibilityVersion = "Xcode 9.3";
			developmentRegion = en;
			hasScannedForEncodings = 0;
			knownRegions = (
				en,
				Base,
			);
			mainGroup = 746E1CFA21949B2900D96E04;
			productRefGroup = 746E1D0421949B2900D96E04 /* Products */;
			projectDirPath = "";
			projectRoot = "";
			targets = (
				746E1D0221949B2900D96E04 /* iOS_Assessment3 */,
			);
		};
/* End PBXProject section */

/* Begin PBXResourcesBuildPhase section */
		746E1D0121949B2900D96E04 /* Resources */ = {
			isa = PBXResourcesBuildPhase;
			buildActionMask = 2147483647;
			files = (
				746E1D1121949B2A00D96E04 /* LaunchScreen.storyboard in Resources */,
				746E1D0E21949B2A00D96E04 /* Assets.xcassets in Resources */,
				746E1D0C21949B2900D96E04 /* Main.storyboard in Resources */,
			);
			runOnlyForDeploymentPostprocessing = 0;
		};
/* End PBXResourcesBuildPhase section */

/* Begin PBXSourcesBuildPhase section */
		746E1CFF21949B2900D96E04 /* Sources */ = {
			isa = PBXSourcesBuildPhase;
			buildActionMask = 2147483647;
			files = (
				74D2CC5B2194A2E700E13022 /* CustomTableViewCell.swift in Sources */,
				746E1D1921949C0F00D96E04 /* Person.swift in Sources */,
				746E1D1B21949DB500D96E04 /* Library.swift in Sources */,
				746E1D0921949B2900D96E04 /* ViewController.swift in Sources */,
				746E1D0721949B2900D96E04 /* AppDelegate.swift in Sources */,
			);
			runOnlyForDeploymentPostprocessing = 0;
		};
/* End PBXSourcesBuildPhase section */

/* Begin PBXVariantGroup section */
		746E1D0A21949B2900D96E04 /* Main.storyboard */ = {
			isa = PBXVariantGroup;
			children = (
				746E1D0B21949B2900D96E04 /* Base */,
			);
			name = Main.storyboard;
			sourceTree = "<group>";
		};
		746E1D0F21949B2A00D96E04 /* LaunchScreen.storyboard */ = {
			isa = PBXVariantGroup;
			children = (
				746E1D1021949B2A00D96E04 /* Base */,
			);
			name = LaunchScreen.storyboard;
			sourceTree = "<group>";
		};
/* End PBXVariantGroup section */

/* Begin XCBuildConfiguration section */
		746E1D1321949B2A00D96E04 /* Debug */ = {
			isa = XCBuildConfiguration;
			buildSettings = {
				ALWAYS_SEARCH_USER_PATHS = NO;
				CLANG_ANALYZER_NONNULL = YES;
				CLANG_ANALYZER_NUMBER_OBJECT_CONVERSION = YES_AGGRESSIVE;
				CLANG_CXX_LANGUAGE_STANDARD = "gnu++14";
				CLANG_CXX_LIBRARY = "libc++";
				CLANG_ENABLE_MODULES = YES;
				CLANG_ENABLE_OBJC_ARC = YES;
				CLANG_ENABLE_OBJC_WEAK = YES;
				CLANG_WARN_BLOCK_CAPTURE_AUTORELEASING = YES;
				CLANG_WARN_BOOL_CONVERSION = YES;
				CLANG_WARN_COMMA = YES;
				CLANG_WARN_CONSTANT_CONVERSION = YES;
				CLANG_WARN_DEPRECATED_OBJC_IMPLEMENTATIONS = YES;
				CLANG_WARN_DIRECT_OBJC_ISA_USAGE = YES_ERROR;
				CLANG_WARN_DOCUMENTATION_COMMENTS = YES;
				CLANG_WARN_EMPTY_BODY = YES;
				CLANG_WARN_ENUM_CONVERSION = YES;
				CLANG_WARN_INFINITE_RECURSION = YES;
				CLANG_WARN_INT_CONVERSION = YES;
				CLANG_WARN_NON_LITERAL_NULL_CONVERSION = YES;
				CLANG_WARN_OBJC_IMPLICIT_RETAIN_SELF = YES;
				CLANG_WARN_OBJC_LITERAL_CONVERSION = YES;
				CLANG_WARN_OBJC_ROOT_CLASS = YES_ERROR;
				CLANG_WARN_RANGE_LOOP_ANALYSIS = YES;
				CLANG_WARN_STRICT_PROTOTYPES = YES;
				CLANG_WARN_SUSPICIOUS_MOVE = YES;
				CLANG_WARN_UNGUARDED_AVAILABILITY = YES_AGGRESSIVE;
				CLANG_WARN_UNREACHABLE_CODE = YES;
				CLANG_WARN__DUPLICATE_METHOD_MATCH = YES;
				CODE_SIGN_IDENTITY = "iPhone Developer";
				COPY_PHASE_STRIP = NO;
				DEBUG_INFORMATION_FORMAT = dwarf;
				ENABLE_STRICT_OBJC_MSGSEND = YES;
				ENABLE_TESTABILITY = YES;
				GCC_C_LANGUAGE_STANDARD = gnu11;
				GCC_DYNAMIC_NO_PIC = NO;
				GCC_NO_COMMON_BLOCKS = YES;
				GCC_OPTIMIZATION_LEVEL = 0;
				GCC_PREPROCESSOR_DEFINITIONS = (
					"DEBUG=1",
					"$(inherited)",
				);
				GCC_WARN_64_TO_32_BIT_CONVERSION = YES;
				GCC_WARN_ABOUT_RETURN_TYPE = YES_ERROR;
				GCC_WARN_UNDECLARED_SELECTOR = YES;
				GCC_WARN_UNINITIALIZED_AUTOS = YES_AGGRESSIVE;
				GCC_WARN_UNUSED_FUNCTION = YES;
				GCC_WARN_UNUSED_VARIABLE = YES;
				IPHONEOS_DEPLOYMENT_TARGET = 12.1;
				MTL_ENABLE_DEBUG_INFO = INCLUDE_SOURCE;
				MTL_FAST_MATH = YES;
				ONLY_ACTIVE_ARCH = YES;
				SDKROOT = iphoneos;
				SWIFT_ACTIVE_COMPILATION_CONDITIONS = DEBUG;
				SWIFT_OPTIMIZATION_LEVEL = "-Onone";
			};
			name = Debug;
		};
		746E1D1421949B2A00D96E04 /* Release */ = {
			isa = XCBuildConfiguration;
			buildSettings = {
				ALWAYS_SEARCH_USER_PATHS = NO;
				CLANG_ANALYZER_NONNULL = YES;
				CLANG_ANALYZER_NUMBER_OBJECT_CONVERSION = YES_AGGRESSIVE;
				CLANG_CXX_LANGUAGE_STANDARD = "gnu++14";
				CLANG_CXX_LIBRARY = "libc++";
				CLANG_ENABLE_MODULES = YES;
				CLANG_ENABLE_OBJC_ARC = YES;
				CLANG_ENABLE_OBJC_WEAK = YES;
				CLANG_WARN_BLOCK_CAPTURE_AUTORELEASING = YES;
				CLANG_WARN_BOOL_CONVERSION = YES;
				CLANG_WARN_COMMA = YES;
				CLANG_WARN_CONSTANT_CONVERSION = YES;
				CLANG_WARN_DEPRECATED_OBJC_IMPLEMENTATIONS = YES;
				CLANG_WARN_DIRECT_OBJC_ISA_USAGE = YES_ERROR;
				CLANG_WARN_DOCUMENTATION_COMMENTS = YES;
				CLANG_WARN_EMPTY_BODY = YES;
				CLANG_WARN_ENUM_CONVERSION = YES;
				CLANG_WARN_INFINITE_RECURSION = YES;
				CLANG_WARN_INT_CONVERSION = YES;
				CLANG_WARN_NON_LITERAL_NULL_CONVERSION = YES;
				CLANG_WARN_OBJC_IMPLICIT_RETAIN_SELF = YES;
				CLANG_WARN_OBJC_LITERAL_CONVERSION = YES;
				CLANG_WARN_OBJC_ROOT_CLASS = YES_ERROR;
				CLANG_WARN_RANGE_LOOP_ANALYSIS = YES;
				CLANG_WARN_STRICT_PROTOTYPES = YES;
				CLANG_WARN_SUSPICIOUS_MOVE = YES;
				CLANG_WARN_UNGUARDED_AVAILABILITY = YES_AGGRESSIVE;
				CLANG_WARN_UNREACHABLE_CODE = YES;
				CLANG_WARN__DUPLICATE_METHOD_MATCH = YES;
				CODE_SIGN_IDENTITY = "iPhone Developer";
				COPY_PHASE_STRIP = NO;
				DEBUG_INFORMATION_FORMAT = "dwarf-with-dsym";
				ENABLE_NS_ASSERTIONS = NO;
				ENABLE_STRICT_OBJC_MSGSEND = YES;
				GCC_C_LANGUAGE_STANDARD = gnu11;
				GCC_NO_COMMON_BLOCKS = YES;
				GCC_WARN_64_TO_32_BIT_CONVERSION = YES;
				GCC_WARN_ABOUT_RETURN_TYPE = YES_ERROR;
				GCC_WARN_UNDECLARED_SELECTOR = YES;
				GCC_WARN_UNINITIALIZED_AUTOS = YES_AGGRESSIVE;
				GCC_WARN_UNUSED_FUNCTION = YES;
				GCC_WARN_UNUSED_VARIABLE = YES;
				IPHONEOS_DEPLOYMENT_TARGET = 12.1;
				MTL_ENABLE_DEBUG_INFO = NO;
				MTL_FAST_MATH = YES;
				SDKROOT = iphoneos;
				SWIFT_COMPILATION_MODE = wholemodule;
				SWIFT_OPTIMIZATION_LEVEL = "-O";
				VALIDATE_PRODUCT = YES;
			};
			name = Release;
		};
		746E1D1621949B2A00D96E04 /* Debug */ = {
			isa = XCBuildConfiguration;
			buildSettings = {
				ASSETCATALOG_COMPILER_APPICON_NAME = AppIcon;
				CODE_SIGN_STYLE = Automatic;
				INFOPLIST_FILE = iOS_Assessment3/Info.plist;
				LD_RUNPATH_SEARCH_PATHS = (
					"$(inherited)",
					"@executable_path/Frameworks",
				);
				PRODUCT_BUNDLE_IDENTIFIER = "com.EzraKiteck.iOS-Assessment3";
				PRODUCT_NAME = "$(TARGET_NAME)";
				SWIFT_VERSION = 4.2;
				TARGETED_DEVICE_FAMILY = "1,2";
			};
			name = Debug;
		};
		746E1D1721949B2A00D96E04 /* Release */ = {
			isa = XCBuildConfiguration;
			buildSettings = {
				ASSETCATALOG_COMPILER_APPICON_NAME = AppIcon;
				CODE_SIGN_STYLE = Automatic;
				INFOPLIST_FILE = iOS_Assessment3/Info.plist;
				LD_RUNPATH_SEARCH_PATHS = (
					"$(inherited)",
					"@executable_path/Frameworks",
				);
				PRODUCT_BUNDLE_IDENTIFIER = "com.EzraKiteck.iOS-Assessment3";
				PRODUCT_NAME = "$(TARGET_NAME)";
				SWIFT_VERSION = 4.2;
				TARGETED_DEVICE_FAMILY = "1,2";
			};
			name = Release;
		};
/* End XCBuildConfiguration section */

/* Begin XCConfigurationList section */
		746E1CFE21949B2900D96E04 /* Build configuration list for PBXProject "iOS_Assessment3" */ = {
			isa = XCConfigurationList;
			buildConfigurations = (
				746E1D1321949B2A00D96E04 /* Debug */,
				746E1D1421949B2A00D96E04 /* Release */,
			);
			defaultConfigurationIsVisible = 0;
			defaultConfigurationName = Release;
		};
		746E1D1521949B2A00D96E04 /* Build configuration list for PBXNativeTarget "iOS_Assessment3" */ = {
			isa = XCConfigurationList;
			buildConfigurations = (
				746E1D1621949B2A00D96E04 /* Debug */,
				746E1D1721949B2A00D96E04 /* Release */,
			);
			defaultConfigurationIsVisible = 0;
			defaultConfigurationName = Release;
		};
/* End XCConfigurationList section */
	};
	rootObject = 746E1CFB21949B2900D96E04 /* Project object */;
}
